
Microsoft Visual Studio Solution File, Format Version 12.00
# Visual Studio Version 17
VisualStudioVersion = 17.14.36127.28
MinimumVisualStudioVersion = 10.0.40219.1
Project("{FAE04EC0-301F-11D3-BF4B-00C04F79EFBC}") = "Warehouse", "Warehouse\Warehouse.csproj", "{275DED49-400E-65B8-D2FC-F6FEFFD25578}"
EndProject
Project("{2150E333-8FDC-42A3-9474-1A3956D46DE8}") = "Solution Items", "Solution Items", "{8EC462FD-D22E-90A8-E5CE-7E832BA40C5D}"
	ProjectSection(SolutionItems) = preProject
		.gitignore = .gitignore
		.github\workflows\build.yml = .github\workflows\build.yml
	EndProjectSection
EndProject
Global
	GlobalSection(SolutionConfigurationPlatforms) = preSolution
		Debug|Any CPU = Debug|Any CPU
		Release|Any CPU = Release|Any CPU
	EndGlobalSection
	GlobalSection(ProjectConfigurationPlatforms) = postSolution
		{275DED49-400E-65B8-D2FC-F6FEFFD25578}.Debug|Any CPU.ActiveCfg = Debug|Any CPU
		{275DED49-400E-65B8-D2FC-F6FEFFD25578}.Debug|Any CPU.Build.0 = Debug|Any CPU
		{275DED49-400E-65B8-D2FC-F6FEFFD25578}.Release|Any CPU.ActiveCfg = Release|Any CPU
		{275DED49-400E-65B8-D2FC-F6FEFFD25578}.Release|Any CPU.Build.0 = Release|Any CPU
	EndGlobalSection
	GlobalSection(SolutionProperties) = preSolution
		HideSolutionNode = FALSE
	EndGlobalSection
	GlobalSection(ExtensibilityGlobals) = postSolution
		SolutionGuid = {5BABE429-FE6C-4E6B-B5B1-01BF8E65F757}
	EndGlobalSection
EndGlobal
